
Microsoft Visual Studio Solution File, Format Version 12.00
# Visual Studio 2013
VisualStudioVersion = 12.0.30324.0
MinimumVisualStudioVersion = 10.0.40219.1
Project("{FAE04EC0-301F-11D3-BF4B-00C04F79EFBC}") = "DoubleAgent.Contact", "DoubleAgent.Contact\DoubleAgent.Contact.csproj", "{B09A3FA9-82BD-4425-9A13-7CCD88E1C2E4}"
EndProject
Project("{9092AA53-FB77-4645-B42D-1CCCA6BD08BD}") = "DoubleAgent.Mole", "DoubleAgent.Mole\DoubleAgent.Mole.njsproj", "{BEC15966-9FCA-45B5-A81F-28639601513A}"
EndProject
Project("{F2A71F9B-5D33-465A-A702-920D77279786}") = "OwinVerification", "OwinVerification\OwinVerification.fsproj", "{5804A434-ED00-473D-99D1-AF2D905D0238}"
EndProject
Global
	GlobalSection(SolutionConfigurationPlatforms) = preSolution
		Debug|Any CPU = Debug|Any CPU
		Release|Any CPU = Release|Any CPU
	EndGlobalSection
	GlobalSection(ProjectConfigurationPlatforms) = postSolution
		{B09A3FA9-82BD-4425-9A13-7CCD88E1C2E4}.Debug|Any CPU.ActiveCfg = Debug|Any CPU
		{B09A3FA9-82BD-4425-9A13-7CCD88E1C2E4}.Debug|Any CPU.Build.0 = Debug|Any CPU
		{B09A3FA9-82BD-4425-9A13-7CCD88E1C2E4}.Release|Any CPU.ActiveCfg = Release|Any CPU
		{B09A3FA9-82BD-4425-9A13-7CCD88E1C2E4}.Release|Any CPU.Build.0 = Release|Any CPU
		{BEC15966-9FCA-45B5-A81F-28639601513A}.Debug|Any CPU.ActiveCfg = Debug|Any CPU
		{BEC15966-9FCA-45B5-A81F-28639601513A}.Debug|Any CPU.Build.0 = Debug|Any CPU
		{BEC15966-9FCA-45B5-A81F-28639601513A}.Release|Any CPU.ActiveCfg = Release|Any CPU
		{BEC15966-9FCA-45B5-A81F-28639601513A}.Release|Any CPU.Build.0 = Release|Any CPU
		{5804A434-ED00-473D-99D1-AF2D905D0238}.Debug|Any CPU.ActiveCfg = Debug|Any CPU
		{5804A434-ED00-473D-99D1-AF2D905D0238}.Debug|Any CPU.Build.0 = Debug|Any CPU
		{5804A434-ED00-473D-99D1-AF2D905D0238}.Release|Any CPU.ActiveCfg = Release|Any CPU
		{5804A434-ED00-473D-99D1-AF2D905D0238}.Release|Any CPU.Build.0 = Release|Any CPU
	EndGlobalSection
	GlobalSection(SolutionProperties) = preSolution
		HideSolutionNode = FALSE
	EndGlobalSection
EndGlobal
